
Microsoft Visual Studio Solution File, Format Version 12.00
# Visual Studio Version 16
VisualStudioVersion = 16.0.30907.101
MinimumVisualStudioVersion = 10.0.40219.1
Project("{FAE04EC0-301F-11D3-BF4B-00C04F79EFBC}") = "MiSolutionsGitHub.Web", "MiSolutionsGitHub.Web.csproj", "{4A020456-8FDE-44AF-8F69-E90AEC68F725}"
EndProject
Project("{FAE04EC0-301F-11D3-BF4B-00C04F79EFBC}") = "MiSolutionsGitHub.Tests", "..\MiSolutionsUsersSolution.Tests\MiSolutionsGitHub.Tests.csproj", "{49970E56-216C-4826-9556-EF28DD01634E}"
EndProject
Project("{FAE04EC0-301F-11D3-BF4B-00C04F79EFBC}") = "MiSolutionsGitHub.Abstractions", "..\GitHubAppAbstraction\MiSolutionsGitHub.Abstractions.csproj", "{FFBCB7A7-5DA8-4981-BA4D-BA9AE2EF0AF9}"
EndProject
Project("{FAE04EC0-301F-11D3-BF4B-00C04F79EFBC}") = "MiSolutionsGitHub.BusinessLayer", "..\MiSolutionsGitHub.BusinessLayer\MiSolutionsGitHub.BusinessLayer.csproj", "{75C54277-7981-4DDB-97A8-7A7C5571852B}"
EndProject
Project("{FAE04EC0-301F-11D3-BF4B-00C04F79EFBC}") = "MiSolutionsGitHub.Common", "..\MiSolutionsGitHub.Common\MiSolutionsGitHub.Common.csproj", "{6BAE6DBE-341A-41E6-8779-1E2C2A5C782E}"
EndProject
Global
	GlobalSection(SolutionConfigurationPlatforms) = preSolution
		Debug|Any CPU = Debug|Any CPU
		Release|Any CPU = Release|Any CPU
	EndGlobalSection
	GlobalSection(ProjectConfigurationPlatforms) = postSolution
		{4A020456-8FDE-44AF-8F69-E90AEC68F725}.Debug|Any CPU.ActiveCfg = Debug|Any CPU
		{4A020456-8FDE-44AF-8F69-E90AEC68F725}.Debug|Any CPU.Build.0 = Debug|Any CPU
		{4A020456-8FDE-44AF-8F69-E90AEC68F725}.Release|Any CPU.ActiveCfg = Release|Any CPU
		{4A020456-8FDE-44AF-8F69-E90AEC68F725}.Release|Any CPU.Build.0 = Release|Any CPU
		{49970E56-216C-4826-9556-EF28DD01634E}.Debug|Any CPU.ActiveCfg = Debug|Any CPU
		{49970E56-216C-4826-9556-EF28DD01634E}.Debug|Any CPU.Build.0 = Debug|Any CPU
		{49970E56-216C-4826-9556-EF28DD01634E}.Release|Any CPU.ActiveCfg = Release|Any CPU
		{49970E56-216C-4826-9556-EF28DD01634E}.Release|Any CPU.Build.0 = Release|Any CPU
		{FFBCB7A7-5DA8-4981-BA4D-BA9AE2EF0AF9}.Debug|Any CPU.ActiveCfg = Debug|Any CPU
		{FFBCB7A7-5DA8-4981-BA4D-BA9AE2EF0AF9}.Debug|Any CPU.Build.0 = Debug|Any CPU
		{FFBCB7A7-5DA8-4981-BA4D-BA9AE2EF0AF9}.Release|Any CPU.ActiveCfg = Release|Any CPU
		{FFBCB7A7-5DA8-4981-BA4D-BA9AE2EF0AF9}.Release|Any CPU.Build.0 = Release|Any CPU
		{75C54277-7981-4DDB-97A8-7A7C5571852B}.Debug|Any CPU.ActiveCfg = Debug|Any CPU
		{75C54277-7981-4DDB-97A8-7A7C5571852B}.Debug|Any CPU.Build.0 = Debug|Any CPU
		{75C54277-7981-4DDB-97A8-7A7C5571852B}.Release|Any CPU.ActiveCfg = Release|Any CPU
		{75C54277-7981-4DDB-97A8-7A7C5571852B}.Release|Any CPU.Build.0 = Release|Any CPU
		{6BAE6DBE-341A-41E6-8779-1E2C2A5C782E}.Debug|Any CPU.ActiveCfg = Debug|Any CPU
		{6BAE6DBE-341A-41E6-8779-1E2C2A5C782E}.Debug|Any CPU.Build.0 = Debug|Any CPU
		{6BAE6DBE-341A-41E6-8779-1E2C2A5C782E}.Release|Any CPU.ActiveCfg = Release|Any CPU
		{6BAE6DBE-341A-41E6-8779-1E2C2A5C782E}.Release|Any CPU.Build.0 = Release|Any CPU
	EndGlobalSection
	GlobalSection(SolutionProperties) = preSolution
		HideSolutionNode = FALSE
	EndGlobalSection
	GlobalSection(ExtensibilityGlobals) = postSolution
		SolutionGuid = {FDF1386D-E4BA-443A-805D-5844F9B426E5}
	EndGlobalSection
EndGlobal
